
Microsoft Visual Studio Solution File, Format Version 12.00
# Visual Studio Version 17
VisualStudioVersion = 17.11.34909.67
MinimumVisualStudioVersion = 10.0.40219.1
Project("{FAE04EC0-301F-11D3-BF4B-00C04F79EFBC}") = "MojePszczolyPinger", "MojePszczolyPinger\MojePszczolyPinger.csproj", "{A72C9C4B-6C33-4AAB-9FB7-C48FBC3F1F4E}"
EndProject
Global
	GlobalSection(SolutionConfigurationPlatforms) = preSolution
		Debug|Any CPU = Debug|Any CPU
		Release|Any CPU = Release|Any CPU
	EndGlobalSection
	GlobalSection(ProjectConfigurationPlatforms) = postSolution
		{A72C9C4B-6C33-4AAB-9FB7-C48FBC3F1F4E}.Debug|Any CPU.ActiveCfg = Debug|Any CPU
		{A72C9C4B-6C33-4AAB-9FB7-C48FBC3F1F4E}.Debug|Any CPU.Build.0 = Debug|Any CPU
		{A72C9C4B-6C33-4AAB-9FB7-C48FBC3F1F4E}.Release|Any CPU.ActiveCfg = Release|Any CPU
		{A72C9C4B-6C33-4AAB-9FB7-C48FBC3F1F4E}.Release|Any CPU.Build.0 = Release|Any CPU
	EndGlobalSection
	GlobalSection(SolutionProperties) = preSolution
		HideSolutionNode = FALSE
	EndGlobalSection
	GlobalSection(ExtensibilityGlobals) = postSolution
		SolutionGuid = {2889AADD-DE59-493C-92ED-66720C8B19E2}
	EndGlobalSection
EndGlobal
